Microsoft Visual Studio Solution File, Format Version 12.00
# Visual Studio Version 17
VisualStudioVersion = 17.5.2.0
MinimumVisualStudioVersion = 10.0.40219.1
Project("{FAE04EC0-301F-11D3-BF4B-00C04F79EFBC}") = "AnaliseDeRecursosHumanos", "AnaliseDeRecursosHumanos\AnaliseDeRecursosHumanos.csproj", "{6AF75014-8F6F-A77A-BA81-A7048F74240C}"
EndProject
Project("{FAE04EC0-301F-11D3-BF4B-00C04F79EFBC}") = "DesempenhoAnualDosFuncionarios", "DesempenhoAnualDosFuncionarios\DesempenhoAnualDosFuncionarios.csproj", "{12A2D5B6-1999-6EF2-B115-2FC1753520AF}"
EndProject
Project("{FAE04EC0-301F-11D3-BF4B-00C04F79EFBC}") = "FolhaDePagamento", "FolhaDePagamento\FolhaDePagamento.csproj", "{369C5B79-220B-E200-7B01-48FB9FADBAD9}"
EndProject
Global
	GlobalSection(SolutionConfigurationPlatforms) = preSolution
		Debug|Any CPU = Debug|Any CPU
		Release|Any CPU = Release|Any CPU
	EndGlobalSection
	GlobalSection(ProjectConfigurationPlatforms) = postSolution
		{6AF75014-8F6F-A77A-BA81-A7048F74240C}.Debug|Any CPU.ActiveCfg = Debug|Any CPU
		{6AF75014-8F6F-A77A-BA81-A7048F74240C}.Debug|Any CPU.Build.0 = Debug|Any CPU
		{6AF75014-8F6F-A77A-BA81-A7048F74240C}.Release|Any CPU.ActiveCfg = Release|Any CPU
		{6AF75014-8F6F-A77A-BA81-A7048F74240C}.Release|Any CPU.Build.0 = Release|Any CPU
		{12A2D5B6-1999-6EF2-B115-2FC1753520AF}.Debug|Any CPU.ActiveCfg = Debug|Any CPU
		{12A2D5B6-1999-6EF2-B115-2FC1753520AF}.Debug|Any CPU.Build.0 = Debug|Any CPU
		{12A2D5B6-1999-6EF2-B115-2FC1753520AF}.Release|Any CPU.ActiveCfg = Release|Any CPU
		{12A2D5B6-1999-6EF2-B115-2FC1753520AF}.Release|Any CPU.Build.0 = Release|Any CPU
		{369C5B79-220B-E200-7B01-48FB9FADBAD9}.Debug|Any CPU.ActiveCfg = Debug|Any CPU
		{369C5B79-220B-E200-7B01-48FB9FADBAD9}.Debug|Any CPU.Build.0 = Debug|Any CPU
		{369C5B79-220B-E200-7B01-48FB9FADBAD9}.Release|Any CPU.ActiveCfg = Release|Any CPU
		{369C5B79-220B-E200-7B01-48FB9FADBAD9}.Release|Any CPU.Build.0 = Release|Any CPU
	EndGlobalSection
	GlobalSection(SolutionProperties) = preSolution
		HideSolutionNode = FALSE
	EndGlobalSection
	GlobalSection(ExtensibilityGlobals) = postSolution
		SolutionGuid = {FC5830C0-121C-4463-99A0-14A1C0D42DD6}
	EndGlobalSection
EndGlobal
